# THIS IS AN AUTOGENERATED FILE. DO NOT EDIT THIS FILE DIRECTLY.
# yarn lockfile v1


email-validator@^2.0.4:
  version "2.0.4"
  resolved "https://registry.yarnpkg.com/email-validator/-/email-validator-2.0.4.tgz#b8dfaa5d0dae28f1b03c95881d904d4e40bfe7ed"
  integrity sha512-gYCwo7kh5S3IDyZPLZf6hSS0MnZT8QmJFqYvbqlDZSbwdZlY6QZWxJ4i/6UhITOJ4XzyI647Bm2MXKCLqnJ4nQ==

otp-input-react@^0.3.0:
  version "0.3.0"
  resolved "https://registry.yarnpkg.com/otp-input-react/-/otp-input-react-0.3.0.tgz#47ad3485b923ea00cf0d4758b74dfeffb3d73cf8"
  integrity sha512-6HDgAUp+biz18cfeX8189g6sOqA5UGmTeqkREz1MI8x92N8kU/M8YtwLtl60j3pbGkMVbrm3f4n4wtXPeVpMmg==
